
Microsoft Visual Studio Solution File, Format Version 12.00
# Visual Studio 15
VisualStudioVersion = 15.0.28010.2036
MinimumVisualStudioVersion = 10.0.40219.1
Project("{FAE04EC0-301F-11D3-BF4B-00C04F79EFBC}") = "Banking2C1", "Banking2C1\Banking2C1.csproj", "{D1E9F1AD-A01C-44B3-A942-58D62EF0D668}"
EndProject
Global
	GlobalSection(SolutionConfigurationPlatforms) = preSolution
		Debug|Any CPU = Debug|Any CPU
		Release|Any CPU = Release|Any CPU
	EndGlobalSection
	GlobalSection(ProjectConfigurationPlatforms) = postSolution
		{D1E9F1AD-A01C-44B3-A942-58D62EF0D668}.Debug|Any CPU.ActiveCfg = Debug|Any CPU
		{D1E9F1AD-A01C-44B3-A942-58D62EF0D668}.Debug|Any CPU.Build.0 = Debug|Any CPU
		{D1E9F1AD-A01C-44B3-A942-58D62EF0D668}.Release|Any CPU.ActiveCfg = Release|Any CPU
		{D1E9F1AD-A01C-44B3-A942-58D62EF0D668}.Release|Any CPU.Build.0 = Release|Any CPU
	EndGlobalSection
	GlobalSection(SolutionProperties) = preSolution
		HideSolutionNode = FALSE
	EndGlobalSection
	GlobalSection(ExtensibilityGlobals) = postSolution
		SolutionGuid = {ED5850DD-A98E-4B0E-A23F-0920587F114B}
	EndGlobalSection
EndGlobal
